{
  "pins" : [
    {
      "identity" : "activityindicatorview",
      "kind" : "remoteSourceControl",
      "location" : "https://github.com/exyte/ActivityIndicatorView",
      "state" : {
        "revision" : "9970fd0bb7a05dad0b6566ae1f56937716686b24",
        "version" : "1.1.1"
      }
    },
    {
      "identity" : "cache",
      "kind" : "remoteSourceControl",
      "location" : "https://github.com/hyperoslo/Cache",
      "state" : {
        "revision" : "c7f4d633049c3bd649a353bad36f6c17e9df085f",
        "version" : "6.0.0"
      }
    },
    {
      "identity" : "just",
      "kind" : "remoteSourceControl",
      "location" : "https://github.com/dduan/Just",
      "state" : {
        "revision" : "1824bf84cf52d11d69ae20cfb89f0ce5bffa5650",
        "version" : "0.8.0"
      }
    },
    {
      "identity" : "keychain-swift",
      "kind" : "remoteSourceControl",
      "location" : "https://github.com/evgenyneu/keychain-swift",
      "state" : {
        "revision" : "d108a1fa6189e661f91560548ef48651ed8d93b9",
        "version" : "20.0.0"
      }
    },
    {
      "identity" : "mocker",
      "kind" : "remoteSourceControl",
      "location" : "https://github.com/WeTransfer/Mocker.git",
      "state" : {
        "revision" : "4384e015cae4916a6828252467a4437173c7ae17",
        "version" : "3.0.1"
      }
    },
    {
      "identity" : "popupview",
      "kind" : "remoteSourceControl",
      "location" : "https://github.com/exyte/PopupView",
      "state" : {
        "revision" : "68349a0ae704b9a7041f756f3f4f460ddbf7ba8d",
        "version" : "2.6.0"
      }
    },
    {
      "identity" : "rive-ios",
      "kind" : "remoteSourceControl",
      "location" : "https://github.com/rive-app/rive-ios",
      "state" : {
        "revision" : "e24459a07b1429d761afa546eaaf91abd9535036",
        "version" : "5.1.2"
      }
    },
    {
      "identity" : "swiftsoup",
      "kind" : "remoteSourceControl",
      "location" : "https://github.com/scinfu/SwiftSoup",
      "state" : {
        "revision" : "8b6cf29eead8841a1fa7822481cb3af4ddaadba6",
        "version" : "2.6.1"
      }
    },
    {
      "identity" : "swiftui-shimmer",
      "kind" : "remoteSourceControl",
      "location" : "https://github.com/markiv/SwiftUI-Shimmer",
      "state" : {
        "revision" : "17b66b0e7d94d2d3f220bbcb021b5026436f06c7",
        "version" : "1.3.0"
      }
    },
    {
      "identity" : "systemnotification",
      "kind" : "remoteSourceControl",
      "location" : "https://github.com/danielsaidi/SystemNotification.git",
      "state" : {
        "revision" : "53a23f15ea9d62376179681d24f6ef0d53b03f8c",
        "version" : "0.7.2"
      }
    }
  ],
  "version" : 2
}
