{
  "pins" : [
    {
      "identity" : "activityindicatorview",
      "kind" : "remoteSourceControl",
      "location" : "https://github.com/exyte/ActivityIndicatorView",
      "state" : {
        "revision" : "9970fd0bb7a05dad0b6566ae1f56937716686b24",
        "version" : "1.1.1"
      }
    },
    {
      "identity" : "cache",
      "kind" : "remoteSourceControl",
      "location" : "https://github.com/hyperoslo/Cache",
      "state" : {
        "revision" : "c7f4d633049c3bd649a353bad36f6c17e9df085f",
        "version" : "6.0.0"
      }
    },
    {
      "identity" : "just",
      "kind" : "remoteSourceControl",
      "location" : "https://github.com/dduan/Just",
      "state" : {
        "revision" : "1824bf84cf52d11d69ae20cfb89f0ce5bffa5650",
        "version" : "0.8.0"
      }
    },
    {
      "identity" : "keychain-swift",
      "kind" : "remoteSourceControl",
      "location" : "https://github.com/evgenyneu/keychain-swift",
      "state" : {
        "revision" : "d108a1fa6189e661f91560548ef48651ed8d93b9",
        "version" : "20.0.0"
      }
    },
    {
      "identity" : "popupview",
      "kind" : "remoteSourceControl",
      "location" : "https://github.com/exyte/PopupView",
      "state" : {
        "revision" : "771afe0a855f72f7fdd151abb25538df1d75fbc8",
        "version" : "2.5.3"
      }
    },
    {
      "identity" : "rive-ios",
      "kind" : "remoteSourceControl",
      "location" : "https://github.com/rive-app/rive-ios",
      "state" : {
        "revision" : "8c8d2b2081db05d7cfc04e04e9bfd44a756326fa",
        "version" : "4.0.3"
      }
    },
    {
      "identity" : "swiftsoup",
      "kind" : "remoteSourceControl",
      "location" : "https://github.com/scinfu/SwiftSoup",
      "state" : {
        "revision" : "0e96a20ffd37a515c5c963952d4335c89bed50a6",
        "version" : "2.6.0"
      }
    }
  ],
  "version" : 2
}
